lockfileVersion: '9.0'

settings:
  autoInstallPeers: true
  excludeLinksFromLockfile: false

importers:

  .:
    devDependencies:
      oxlint:
        specifier: 1.43.0
        version: 1.43.0
      typescript:
        specifier: 5.9.3
        version: 5.9.3

packages:

  '@oxlint/darwin-arm64@1.43.0':
    resolution: {integrity: sha512-C/GhObv/pQZg34NOzB6Mk8x0wc9AKj8fXzJF8ZRKTsBPyHusC6AZ6bba0QG0TUufw1KWuD0j++oebQfWeiFXNw==}
    cpu: [arm64]
    os: [darwin]

  '@oxlint/darwin-x64@1.43.0':
    resolution: {integrity: sha512-4NjfUtEEH8ewRQ2KlZGmm6DyrvypMdHwBnQT92vD0dLScNOQzr0V9O8Ua4IWXdeCNl/XMVhAV3h4/3YEYern5A==}
    cpu: [x64]
    os: [darwin]

  '@oxlint/linux-arm64-gnu@1.43.0':
    resolution: {integrity: sha512-75tf1HvwdZ3ebk83yMbSB+moAEWK98mYqpXiaFAi6Zshie7r+Cx5PLXZFUEqkscenoZ+fcNXakHxfn94V6nf1g==}
    cpu: [arm64]
    os: [linux]
    libc: [glibc]

  '@oxlint/linux-arm64-musl@1.43.0':
    resolution: {integrity: sha512-BHV4fb36T2p/7bpA9fiJ5ayt7oJbiYX10nklW5arYp4l9/9yG/FQC5J4G1evzbJ/YbipF9UH0vYBAm5xbqGrvw==}
    cpu: [arm64]
    os: [linux]
    libc: [musl]

  '@oxlint/linux-x64-gnu@1.43.0':
    resolution: {integrity: sha512-1l3nvnzWWse1YHibzZ4HQXdF/ibfbKZhp9IguElni3bBqEyPEyurzZ0ikWynDxKGXqZa+UNXTFuU1NRVX1RJ3g==}
    cpu: [x64]
    os: [linux]
    libc: [glibc]

  '@oxlint/linux-x64-musl@1.43.0':
    resolution: {integrity: sha512-+jNYgLGRFTJxJuaSOZJBwlYo5M0TWRw0+3y5MHOL4ArrIdHyCthg6r4RbVWrsR1qUfUE1VSSHQ2bfbC99RXqMg==}
    cpu: [x64]
    os: [linux]
    libc: [musl]

  '@oxlint/win32-arm64@1.43.0':
    resolution: {integrity: sha512-dvs1C/HCjCyGTURMagiHprsOvVTT3omDiSzi5Qw0D4QFJ1pEaNlfBhVnOUYgUfS6O7Mcmj4+G+sidRsQcWQ/kA==}
    cpu: [arm64]
    os: [win32]

  '@oxlint/win32-x64@1.43.0':
    resolution: {integrity: sha512-bSuItSU8mTSDsvmmLTepTdCL2FkJI6dwt9tot/k0EmiYF+ArRzmsl4lXVLssJNRV5lJEc5IViyTrh7oiwrjUqA==}
    cpu: [x64]
    os: [win32]

  oxlint@1.43.0:
    resolution: {integrity: sha512-xiqTCsKZch+R61DPCjyqUVP2MhkQlRRYxLRBeBDi+dtQJ90MOgdcjIktvDCgXz0bgtx94EQzHEndsizZjMX2OA==}
    engines: {node: ^20.19.0 || >=22.12.0}
    hasBin: true
    peerDependencies:
      oxlint-tsgolint: '>=0.11.2'
    peerDependenciesMeta:
      oxlint-tsgolint:
        optional: true

  typescript@5.9.3:
    resolution: {integrity: sha512-jl1vZzPDinLr9eUt3J/t7V6FgNEw9QjvBPdysz9KfQDD41fQrC2Y4vKQdiaUpFT4bXlb1RHhLpp8wtm6M5TgSw==}
    engines: {node: '>=14.17'}
    hasBin: true

snapshots:

  '@oxlint/darwin-arm64@1.43.0':
    optional: true

  '@oxlint/darwin-x64@1.43.0':
    optional: true

  '@oxlint/linux-arm64-gnu@1.43.0':
    optional: true

  '@oxlint/linux-arm64-musl@1.43.0':
    optional: true

  '@oxlint/linux-x64-gnu@1.43.0':
    optional: true

  '@oxlint/linux-x64-musl@1.43.0':
    optional: true

  '@oxlint/win32-arm64@1.43.0':
    optional: true

  '@oxlint/win32-x64@1.43.0':
    optional: true

  oxlint@1.43.0:
    optionalDependencies:
      '@oxlint/darwin-arm64': 1.43.0
      '@oxlint/darwin-x64': 1.43.0
      '@oxlint/linux-arm64-gnu': 1.43.0
      '@oxlint/linux-arm64-musl': 1.43.0
      '@oxlint/linux-x64-gnu': 1.43.0
      '@oxlint/linux-x64-musl': 1.43.0
      '@oxlint/win32-arm64': 1.43.0
      '@oxlint/win32-x64': 1.43.0

  typescript@5.9.3: {}
